// !$*UTF8*$!
{
	archiveVersion = 1;
	classes = {
	};
	objectVersion = 46;
	objects = {

/* Begin PBXBuildFile section */
		204D93251BCA6A83003A3FD6 /* LoginViewController.swift in Sources */ = {isa = PBXBuildFile; fileRef = 204D93241BCA6A83003A3FD6 /* LoginViewController.swift */; };
		2084097A1BEF645000C6125E /* MessagesTableViewController.swift in Sources */ = {isa = PBXBuildFile; fileRef = 208409791BEF645000C6125E /* MessagesTableViewController.swift */; };
		208A2B751BBF62BA009660CA /* AppDelegate.swift in Sources */ = {isa = PBXBuildFile; fileRef = 208A2B741BBF62BA009660CA /* AppDelegate.swift */; };
		208A2B7A1BBF62BA009660CA /* Main.storyboard in Resources */ = {isa = PBXBuildFile; fileRef = 208A2B781BBF62BA009660CA /* Main.storyboard */; };
		208A2B7C1BBF62BA009660CA /* Assets.xcassets in Resources */ = {isa = PBXBuildFile; fileRef = 208A2B7B1BBF62BA009660CA /* Assets.xcassets */; };
		208A2B7F1BBF62BA009660CA /* LaunchScreen.storyboard in Resources */ = {isa = PBXBuildFile; fileRef = 208A2B7D1BBF62BA009660CA /* LaunchScreen.storyboard */; };
		20E822561C6C7FAC006312E8 /* MessageViewController.swift in Sources */ = {isa = PBXBuildFile; fileRef = 20E822551C6C7FAC006312E8 /* MessageViewController.swift */; };
		20E8225A1C6C80E4006312E8 /* JSQViewController.swift in Sources */ = {isa = PBXBuildFile; fileRef = 20E822591C6C80E4006312E8 /* JSQViewController.swift */; };
		764CAB8F356DE51C2CE5A4C6 /* libPods-SNS-Realtime.a in Frameworks */ = {isa = PBXBuildFile; fileRef = FDB581F1D62A96531C5CEB65 /* libPods-SNS-Realtime.a */; };
/* End PBXBuildFile section */

/* Begin PBXFileReference section */
		0D039614297CFB918D79446D /* libPods.a */ = {isa = PBXFileReference; explicitFileType = archive.ar; includeInIndex = 0; path = libPods.a; sourceTree = BUILT_PRODUCTS_DIR; };
		200A67B21BBF633800D31C1F /* SNS-Realtime-Bridging-Header.h */ = {isa = PBXFileReference; lastKnownFileType = sourcecode.c.h; path = "SNS-Realtime-Bridging-Header.h"; sourceTree = "<group>"; };
		204D93241BCA6A83003A3FD6 /* LoginViewController.swift */ = {isa = PBXFileReference; fileEncoding = 4; lastKnownFileType = sourcecode.swift; path = LoginViewController.swift; sourceTree = "<group>"; };
		208409791BEF645000C6125E /* MessagesTableViewController.swift */ = {isa = PBXFileReference; fileEncoding = 4; lastKnownFileType = sourcecode.swift; path = MessagesTableViewController.swift; sourceTree = "<group>"; };
		208A2B711BBF62B9009660CA /* SNS-Realtime.app */ = {isa = PBXFileReference; explicitFileType = wrapper.application; includeInIndex = 0; path = "SNS-Realtime.app"; sourceTree = BUILT_PRODUCTS_DIR; };
		208A2B741BBF62BA009660CA /* AppDelegate.swift */ = {isa = PBXFileReference; lastKnownFileType = sourcecode.swift; path = AppDelegate.swift; sourceTree = "<group>"; };
		208A2B791BBF62BA009660CA /* Base */ = {isa = PBXFileReference; lastKnownFileType = file.storyboard; name = Base; path = Base.lproj/Main.storyboard; sourceTree = "<group>"; };
		208A2B7B1BBF62BA009660CA /* Assets.xcassets */ = {isa = PBXFileReference; lastKnownFileType = folder.assetcatalog; path = Assets.xcassets; sourceTree = "<group>"; };
		208A2B7E1BBF62BA009660CA /* Base */ = {isa = PBXFileReference; lastKnownFileType = file.storyboard; name = Base; path = Base.lproj/LaunchScreen.storyboard; sourceTree = "<group>"; };
		208A2B801BBF62BA009660CA /* Info.plist */ = {isa = PBXFileReference; lastKnownFileType = text.plist.xml; path = Info.plist; sourceTree = "<group>"; };
		20E822551C6C7FAC006312E8 /* MessageViewController.swift */ = {isa = PBXFileReference; fileEncoding = 4; lastKnownFileType = sourcecode.swift; path = MessageViewController.swift; sourceTree = "<group>"; };
		20E822591C6C80E4006312E8 /* JSQViewController.swift */ = {isa = PBXFileReference; fileEncoding = 4; lastKnownFileType = sourcecode.swift; path = JSQViewController.swift; sourceTree = "<group>"; };
		35DF22285A861AE0AE65B1B6 /* Pods-SNS-Realtime.debug.xcconfig */ = {isa = PBXFileReference; includeInIndex = 1; lastKnownFileType = text.xcconfig; name = "Pods-SNS-Realtime.debug.xcconfig"; path = "Pods/Target Support Files/Pods-SNS-Realtime/Pods-SNS-Realtime.debug.xcconfig"; sourceTree = "<group>"; };
		ADAC844920CB2DADD9D38409 /* Pods.debug.xcconfig */ = {isa = PBXFileReference; includeInIndex = 1; lastKnownFileType = text.xcconfig; name = Pods.debug.xcconfig; path = "Pods/Target Support Files/Pods/Pods.debug.xcconfig"; sourceTree = "<group>"; };
		B1C27FA5D934B208D7DD121A /* Pods-SNS-Realtime.release.xcconfig */ = {isa = PBXFileReference; includeInIndex = 1; lastKnownFileType = text.xcconfig; name = "Pods-SNS-Realtime.release.xcconfig"; path = "Pods/Target Support Files/Pods-SNS-Realtime/Pods-SNS-Realtime.release.xcconfig"; sourceTree = "<group>"; };
		EE650ED4CABA4AF32284205F /* Pods.release.xcconfig */ = {isa = PBXFileReference; includeInIndex = 1; lastKnownFileType = text.xcconfig; name = Pods.release.xcconfig; path = "Pods/Target Support Files/Pods/Pods.release.xcconfig"; sourceTree = "<group>"; };
		FDB581F1D62A96531C5CEB65 /* libPods-SNS-Realtime.a */ = {isa = PBXFileReference; explicitFileType = archive.ar; includeInIndex = 0; path = "libPods-SNS-Realtime.a"; sourceTree = BUILT_PRODUCTS_DIR; };
/* End PBXFileReference section */

/* Begin PBXFrameworksBuildPhase section */
		208A2B6E1BBF62B9009660CA /* Frameworks */ = {
			isa = PBXFrameworksBuildPhase;
			buildActionMask = 2147483647;
			files = (
				764CAB8F356DE51C2CE5A4C6 /* libPods-SNS-Realtime.a in Frameworks */,
			);
			runOnlyForDeploymentPostprocessing = 0;
		};
/* End PBXFrameworksBuildPhase section */

/* Begin PBXGroup section */
		1ED1AE795A382D2DD12FEE56 /* Pods */ = {
			isa = PBXGroup;
			children = (
				ADAC844920CB2DADD9D38409 /* Pods.debug.xcconfig */,
				EE650ED4CABA4AF32284205F /* Pods.release.xcconfig */,
				35DF22285A861AE0AE65B1B6 /* Pods-SNS-Realtime.debug.xcconfig */,
				B1C27FA5D934B208D7DD121A /* Pods-SNS-Realtime.release.xcconfig */,
			);
			name = Pods;
			sourceTree = "<group>";
		};
		208A2B681BBF62B9009660CA = {
			isa = PBXGroup;
			children = (
				208A2B731BBF62BA009660CA /* SNS-Realtime */,
				208A2B721BBF62B9009660CA /* Products */,
				1ED1AE795A382D2DD12FEE56 /* Pods */,
				4E5C17FC8943571430E60786 /* Frameworks */,
			);
			sourceTree = "<group>";
		};
		208A2B721BBF62B9009660CA /* Products */ = {
			isa = PBXGroup;
			children = (
				208A2B711BBF62B9009660CA /* SNS-Realtime.app */,
			);
			name = Products;
			sourceTree = "<group>";
		};
		208A2B731BBF62BA009660CA /* SNS-Realtime */ = {
			isa = PBXGroup;
			children = (
				208A2B741BBF62BA009660CA /* AppDelegate.swift */,
				208A2B781BBF62BA009660CA /* Main.storyboard */,
				20E822591C6C80E4006312E8 /* JSQViewController.swift */,
				208409791BEF645000C6125E /* MessagesTableViewController.swift */,
				204D93241BCA6A83003A3FD6 /* LoginViewController.swift */,
				208A2B7B1BBF62BA009660CA /* Assets.xcassets */,
				208A2B7D1BBF62BA009660CA /* LaunchScreen.storyboard */,
				208A2B801BBF62BA009660CA /* Info.plist */,
				20E822551C6C7FAC006312E8 /* MessageViewController.swift */,
				200A67B21BBF633800D31C1F /* SNS-Realtime-Bridging-Header.h */,
			);
			path = "SNS-Realtime";
			sourceTree = "<group>";
		};
		4E5C17FC8943571430E60786 /* Frameworks */ = {
			isa = PBXGroup;
			children = (
				0D039614297CFB918D79446D /* libPods.a */,
				FDB581F1D62A96531C5CEB65 /* libPods-SNS-Realtime.a */,
			);
			name = Frameworks;
			sourceTree = "<group>";
		};
/* End PBXGroup section */

/* Begin PBXNativeTarget section */
		208A2B701BBF62B9009660CA /* SNS-Realtime */ = {
			isa = PBXNativeTarget;
			buildConfigurationList = 208A2B831BBF62BA009660CA /* Build configuration list for PBXNativeTarget "SNS-Realtime" */;
			buildPhases = (
				9A59E37B1FC51096313BD975 /* Check Pods Manifest.lock */,
				208A2B6D1BBF62B9009660CA /* Sources */,
				208A2B6E1BBF62B9009660CA /* Frameworks */,
				208A2B6F1BBF62B9009660CA /* Resources */,
				053A490D2AA420E1FCC9B88A /* Copy Pods Resources */,
				5FEB4F49ED3C8632F75870D7 /* Embed Pods Frameworks */,
			);
			buildRules = (
			);
			dependencies = (
			);
			name = "SNS-Realtime";
			productName = "SNS-Realtime";
			productReference = 208A2B711BBF62B9009660CA /* SNS-Realtime.app */;
			productType = "com.apple.product-type.application";
		};
/* End PBXNativeTarget section */

/* Begin PBXProject section */
		208A2B691BBF62B9009660CA /* Project object */ = {
			isa = PBXProject;
			attributes = {
				LastSwiftUpdateCheck = 0700;
				LastUpgradeCheck = 0700;
				ORGANIZATIONNAME = "Icaro Barreira Lavrador";
				TargetAttributes = {
					208A2B701BBF62B9009660CA = {
						CreatedOnToolsVersion = 7.0;
						DevelopmentTeam = 8894S66WD8;
					};
				};
			};
			buildConfigurationList = 208A2B6C1BBF62B9009660CA /* Build configuration list for PBXProject "SNS-Realtime" */;
			compatibilityVersion = "Xcode 3.2";
			developmentRegion = English;
			hasScannedForEncodings = 0;
			knownRegions = (
				en,
				Base,
			);
			mainGroup = 208A2B681BBF62B9009660CA;
			productRefGroup = 208A2B721BBF62B9009660CA /* Products */;
			projectDirPath = "";
			projectRoot = "";
			targets = (
				208A2B701BBF62B9009660CA /* SNS-Realtime */,
			);
		};
/* End PBXProject section */

/* Begin PBXResourcesBuildPhase section */
		208A2B6F1BBF62B9009660CA /* Resources */ = {
			isa = PBXResourcesBuildPhase;
			buildActionMask = 2147483647;
			files = (
				208A2B7F1BBF62BA009660CA /* LaunchScreen.storyboard in Resources */,
				208A2B7C1BBF62BA009660CA /* Assets.xcassets in Resources */,
				208A2B7A1BBF62BA009660CA /* Main.storyboard in Resources */,
			);
			runOnlyForDeploymentPostprocessing = 0;
		};
/* End PBXResourcesBuildPhase section */

/* Begin PBXShellScriptBuildPhase section */
		053A490D2AA420E1FCC9B88A /* Copy Pods Resources */ = {
			isa = PBXShellScriptBuildPhase;
			buildActionMask = 2147483647;
			files = (
			);
			inputPaths = (
			);
			name = "Copy Pods Resources";
			outputPaths = (
			);
			runOnlyForDeploymentPostprocessing = 0;
			shellPath = /bin/sh;
			shellScript = "\"${SRCROOT}/Pods/Target Support Files/Pods-SNS-Realtime/Pods-SNS-Realtime-resources.sh\"\n";
			showEnvVarsInLog = 0;
		};
		5FEB4F49ED3C8632F75870D7 /* Embed Pods Frameworks */ = {
			isa = PBXShellScriptBuildPhase;
			buildActionMask = 2147483647;
			files = (
			);
			inputPaths = (
			);
			name = "Embed Pods Frameworks";
			outputPaths = (
			);
			runOnlyForDeploymentPostprocessing = 0;
			shellPath = /bin/sh;
			shellScript = "\"${SRCROOT}/Pods/Target Support Files/Pods-SNS-Realtime/Pods-SNS-Realtime-frameworks.sh\"\n";
			showEnvVarsInLog = 0;
		};
		9A59E37B1FC51096313BD975 /* Check Pods Manifest.lock */ = {
			isa = PBXShellScriptBuildPhase;
			buildActionMask = 2147483647;
			files = (
			);
			inputPaths = (
			);
			name = "Check Pods Manifest.lock";
			outputPaths = (
			);
			runOnlyForDeploymentPostprocessing = 0;
			shellPath = /bin/sh;
			shellScript = "diff \"${PODS_ROOT}/../Podfile.lock\" \"${PODS_ROOT}/Manifest.lock\" > /dev/null\nif [[ $? != 0 ]] ; then\n    cat << EOM\nerror: The sandbox is not in sync with the Podfile.lock. Run 'pod install' or update your CocoaPods installation.\nEOM\n    exit 1\nfi\n";
			showEnvVarsInLog = 0;
		};
/* End PBXShellScriptBuildPhase section */

/* Begin PBXSourcesBuildPhase section */
		208A2B6D1BBF62B9009660CA /* Sources */ = {
			isa = PBXSourcesBuildPhase;
			buildActionMask = 2147483647;
			files = (
				204D93251BCA6A83003A3FD6 /* LoginViewController.swift in Sources */,
				2084097A1BEF645000C6125E /* MessagesTableViewController.swift in Sources */,
				20E822561C6C7FAC006312E8 /* MessageViewController.swift in Sources */,
				208A2B751BBF62BA009660CA /* AppDelegate.swift in Sources */,
				20E8225A1C6C80E4006312E8 /* JSQViewController.swift in Sources */,
			);
			runOnlyForDeploymentPostprocessing = 0;
		};
/* End PBXSourcesBuildPhase section */

/* Begin PBXVariantGroup section */
		208A2B781BBF62BA009660CA /* Main.storyboard */ = {
			isa = PBXVariantGroup;
			children = (
				208A2B791BBF62BA009660CA /* Base */,
			);
			name = Main.storyboard;
			sourceTree = "<group>";
		};
		208A2B7D1BBF62BA009660CA /* LaunchScreen.storyboard */ = {
			isa = PBXVariantGroup;
			children = (
				208A2B7E1BBF62BA009660CA /* Base */,
			);
			name = LaunchScreen.storyboard;
			sourceTree = "<group>";
		};
/* End PBXVariantGroup section */

/* Begin XCBuildConfiguration section */
		208A2B811BBF62BA009660CA /* Debug */ = {
			isa = XCBuildConfiguration;
			buildSettings = {
				ALWAYS_SEARCH_USER_PATHS = NO;
				CLANG_CXX_LANGUAGE_STANDARD = "gnu++0x";
				CLANG_CXX_LIBRARY = "libc++";
				CLANG_ENABLE_MODULES = YES;
				CLANG_ENABLE_OBJC_ARC = YES;
				CLANG_WARN_BOOL_CONVERSION = YES;
				CLANG_WARN_CONSTANT_CONVERSION = YES;
				CLANG_WARN_DIRECT_OBJC_ISA_USAGE = YES_ERROR;
				CLANG_WARN_EMPTY_BODY = YES;
				CLANG_WARN_ENUM_CONVERSION = YES;
				CLANG_WARN_INT_CONVERSION = YES;
				CLANG_WARN_OBJC_ROOT_CLASS = YES_ERROR;
				CLANG_WARN_UNREACHABLE_CODE = YES;
				CLANG_WARN__DUPLICATE_METHOD_MATCH = YES;
				"CODE_SIGN_IDENTITY[sdk=iphoneos*]" = "iPhone Developer";
				COPY_PHASE_STRIP = NO;
				DEBUG_INFORMATION_FORMAT = dwarf;
				ENABLE_STRICT_OBJC_MSGSEND = YES;
				ENABLE_TESTABILITY = YES;
				GCC_C_LANGUAGE_STANDARD = gnu99;
				GCC_DYNAMIC_NO_PIC = NO;
				GCC_NO_COMMON_BLOCKS = YES;
				GCC_OPTIMIZATION_LEVEL = 0;
				GCC_PREPROCESSOR_DEFINITIONS = (
					"DEBUG=1",
					"$(inherited)",
				);
				GCC_WARN_64_TO_32_BIT_CONVERSION = YES;
				GCC_WARN_ABOUT_RETURN_TYPE = YES_ERROR;
				GCC_WARN_UNDECLARED_SELECTOR = YES;
				GCC_WARN_UNINITIALIZED_AUTOS = YES_AGGRESSIVE;
				GCC_WARN_UNUSED_FUNCTION = YES;
				GCC_WARN_UNUSED_VARIABLE = YES;
				IPHONEOS_DEPLOYMENT_TARGET = 9.0;
				MTL_ENABLE_DEBUG_INFO = YES;
				ONLY_ACTIVE_ARCH = YES;
				SDKROOT = iphoneos;
				SWIFT_OPTIMIZATION_LEVEL = "-Onone";
			};
			name = Debug;
		};
		208A2B821BBF62BA009660CA /* Release */ = {
			isa = XCBuildConfiguration;
			buildSettings = {
				ALWAYS_SEARCH_USER_PATHS = NO;
				CLANG_CXX_LANGUAGE_STANDARD = "gnu++0x";
				CLANG_CXX_LIBRARY = "libc++";
				CLANG_ENABLE_MODULES = YES;
				CLANG_ENABLE_OBJC_ARC = YES;
				CLANG_WARN_BOOL_CONVERSION = YES;
				CLANG_WARN_CONSTANT_CONVERSION = YES;
				CLANG_WARN_DIRECT_OBJC_ISA_USAGE = YES_ERROR;
				CLANG_WARN_EMPTY_BODY = YES;
				CLANG_WARN_ENUM_CONVERSION = YES;
				CLANG_WARN_INT_CONVERSION = YES;
				CLANG_WARN_OBJC_ROOT_CLASS = YES_ERROR;
				CLANG_WARN_UNREACHABLE_CODE = YES;
				CLANG_WARN__DUPLICATE_METHOD_MATCH = YES;
				"CODE_SIGN_IDENTITY[sdk=iphoneos*]" = "iPhone Developer";
				COPY_PHASE_STRIP = NO;
				DEBUG_INFORMATION_FORMAT = "dwarf-with-dsym";
				ENABLE_NS_ASSERTIONS = NO;
				ENABLE_STRICT_OBJC_MSGSEND = YES;
				GCC_C_LANGUAGE_STANDARD = gnu99;
				GCC_NO_COMMON_BLOCKS = YES;
				GCC_WARN_64_TO_32_BIT_CONVERSION = YES;
				GCC_WARN_ABOUT_RETURN_TYPE = YES_ERROR;
				GCC_WARN_UNDECLARED_SELECTOR = YES;
				GCC_WARN_UNINITIALIZED_AUTOS = YES_AGGRESSIVE;
				GCC_WARN_UNUSED_FUNCTION = YES;
				GCC_WARN_UNUSED_VARIABLE = YES;
				IPHONEOS_DEPLOYMENT_TARGET = 9.0;
				MTL_ENABLE_DEBUG_INFO = NO;
				SDKROOT = iphoneos;
				VALIDATE_PRODUCT = YES;
			};
			name = Release;
		};
		208A2B841BBF62BA009660CA /* Debug */ = {
			isa = XCBuildConfiguration;
			baseConfigurationReference = 35DF22285A861AE0AE65B1B6 /* Pods-SNS-Realtime.debug.xcconfig */;
			buildSettings = {
				ASSETCATALOG_COMPILER_APPICON_NAME = AppIcon;
				CLANG_ENABLE_MODULES = YES;
				CODE_SIGN_IDENTITY = "iPhone Developer";
				INFOPLIST_FILE = "SNS-Realtime/Info.plist";
				LD_RUNPATH_SEARCH_PATHS = "$(inherited) @executable_path/Frameworks";
				PRODUCT_BUNDLE_IDENTIFIER = "com.swiftnextstep.SNS-Realtime";
				PRODUCT_NAME = "$(TARGET_NAME)";
				SWIFT_OBJC_BRIDGING_HEADER = "SNS-Realtime/SNS-Realtime-Bridging-Header.h";
				SWIFT_OPTIMIZATION_LEVEL = "-Onone";
			};
			name = Debug;
		};
		208A2B851BBF62BA009660CA /* Release */ = {
			isa = XCBuildConfiguration;
			baseConfigurationReference = B1C27FA5D934B208D7DD121A /* Pods-SNS-Realtime.release.xcconfig */;
			buildSettings = {
				ASSETCATALOG_COMPILER_APPICON_NAME = AppIcon;
				CLANG_ENABLE_MODULES = YES;
				CODE_SIGN_IDENTITY = "iPhone Developer";
				INFOPLIST_FILE = "SNS-Realtime/Info.plist";
				LD_RUNPATH_SEARCH_PATHS = "$(inherited) @executable_path/Frameworks";
				PRODUCT_BUNDLE_IDENTIFIER = "com.swiftnextstep.SNS-Realtime";
				PRODUCT_NAME = "$(TARGET_NAME)";
				SWIFT_OBJC_BRIDGING_HEADER = "SNS-Realtime/SNS-Realtime-Bridging-Header.h";
			};
			name = Release;
		};
/* End XCBuildConfiguration section */

/* Begin XCConfigurationList section */
		208A2B6C1BBF62B9009660CA /* Build configuration list for PBXProject "SNS-Realtime" */ = {
			isa = XCConfigurationList;
			buildConfigurations = (
				208A2B811BBF62BA009660CA /* Debug */,
				208A2B821BBF62BA009660CA /* Release */,
			);
			defaultConfigurationIsVisible = 0;
			defaultConfigurationName = Release;
		};
		208A2B831BBF62BA009660CA /* Build configuration list for PBXNativeTarget "SNS-Realtime" */ = {
			isa = XCConfigurationList;
			buildConfigurations = (
				208A2B841BBF62BA009660CA /* Debug */,
				208A2B851BBF62BA009660CA /* Release */,
			);
			defaultConfigurationIsVisible = 0;
			defaultConfigurationName = Release;
		};
/* End XCConfigurationList section */
	};
	rootObject = 208A2B691BBF62B9009660CA /* Project object */;
}
